// !$*UTF8*$!
{
	archiveVersion = 1;
	classes = {
	};
	objectVersion = 56;
	objects = {

/* Begin PBXBuildFile section */
		2B9479A32C1B23E2008B1CB8 /* TabMapViewController.swift in Sources */ = {isa = PBXBuildFile; fileRef = 2B9479A22C1B23E2008B1CB8 /* TabMapViewController.swift */; };
		2B9479A52C1B25BA008B1CB8 /* BikeStationAnnotationTapViewViewController.swift in Sources */ = {isa = PBXBuildFile; fileRef = 2B9479A42C1B25BA008B1CB8 /* BikeStationAnnotationTapViewViewController.swift */; };
		2B9479A72C1B5E38008B1CB8 /* BikeMeasurementViewController.swift in Sources */ = {isa = PBXBuildFile; fileRef = 2B9479A62C1B5E38008B1CB8 /* BikeMeasurementViewController.swift */; };
		2BA04A382C1A0D51008A774E /* PurchaseViewController.swift in Sources */ = {isa = PBXBuildFile; fileRef = 2BA04A372C1A0D51008A774E /* PurchaseViewController.swift */; };
		2BA04A3A2C1A21E5008A774E /* SelectedStationViewController.swift in Sources */ = {isa = PBXBuildFile; fileRef = 2BA04A392C1A21E5008A774E /* SelectedStationViewController.swift */; };
		2BA5D85E2C0ECF4C008EC52A /* BikeStationAnnotationViewController.swift in Sources */ = {isa = PBXBuildFile; fileRef = 2BA5D85D2C0ECF4C008EC52A /* BikeStationAnnotationViewController.swift */; };
		2BA5D8602C0ECF7B008EC52A /* BikeStationAnnotationViewViewController.swift in Sources */ = {isa = PBXBuildFile; fileRef = 2BA5D85F2C0ECF7B008EC52A /* BikeStationAnnotationViewViewController.swift */; };
		2BA5D8622C0ED6C8008EC52A /* BikeStationInfoViewController.swift in Sources */ = {isa = PBXBuildFile; fileRef = 2BA5D8612C0ED6C8008EC52A /* BikeStationInfoViewController.swift */; };
		2BA7EB192C0BA28D003135EA /* MypageViewController.swift in Sources */ = {isa = PBXBuildFile; fileRef = 2BA7EB182C0BA28D003135EA /* MypageViewController.swift */; };
		2BA7EB1B2C0BA2D5003135EA /* LoginViewController.swift in Sources */ = {isa = PBXBuildFile; fileRef = 2BA7EB1A2C0BA2D5003135EA /* LoginViewController.swift */; };
		2BA7EB1D2C0BA6DD003135EA /* GoogleService-Info.plist in Resources */ = {isa = PBXBuildFile; fileRef = 2BA7EB1C2C0BA6DD003135EA /* GoogleService-Info.plist */; };
		2BA7EB202C0BA75E003135EA /* FirebaseAnalytics in Frameworks */ = {isa = PBXBuildFile; productRef = 2BA7EB1F2C0BA75E003135EA /* FirebaseAnalytics */; };
		2BA7EB222C0BA75E003135EA /* FirebaseAnalyticsOnDeviceConversion in Frameworks */ = {isa = PBXBuildFile; productRef = 2BA7EB212C0BA75E003135EA /* FirebaseAnalyticsOnDeviceConversion */; };
		2BA7EB242C0BA75E003135EA /* FirebaseAnalyticsSwift in Frameworks */ = {isa = PBXBuildFile; productRef = 2BA7EB232C0BA75E003135EA /* FirebaseAnalyticsSwift */; };
		2BA7EB262C0BA75E003135EA /* FirebaseAnalyticsWithoutAdIdSupport in Frameworks */ = {isa = PBXBuildFile; productRef = 2BA7EB252C0BA75E003135EA /* FirebaseAnalyticsWithoutAdIdSupport */; };
		2BA7EB282C0BA75E003135EA /* FirebaseAppCheck in Frameworks */ = {isa = PBXBuildFile; productRef = 2BA7EB272C0BA75E003135EA /* FirebaseAppCheck */; };
		2BA7EB2B2C0BA77D003135EA /* FirebaseFirestore in Frameworks */ = {isa = PBXBuildFile; productRef = 2BA7EB2A2C0BA77D003135EA /* FirebaseFirestore */; };
		2BA7EB2D2C0BA785003135EA /* FirebaseStorage in Frameworks */ = {isa = PBXBuildFile; productRef = 2BA7EB2C2C0BA785003135EA /* FirebaseStorage */; };
		2BA7EB2F2C0BAEA4003135EA /* FirebaseAuth in Frameworks */ = {isa = PBXBuildFile; productRef = 2BA7EB2E2C0BAEA4003135EA /* FirebaseAuth */; };
		2BA7EB312C0BB624003135EA /* SignupViewController.swift in Sources */ = {isa = PBXBuildFile; fileRef = 2BA7EB302C0BB624003135EA /* SignupViewController.swift */; };
		2BCF26F82C193CD2006A6DB7 /* CheckUserViewController.swift in Sources */ = {isa = PBXBuildFile; fileRef = 2BCF26F72C193CD2006A6DB7 /* CheckUserViewController.swift */; };
		2BD8F7432BF7A2B7001C8F9E /* AppDelegate.swift in Sources */ = {isa = PBXBuildFile; fileRef = 2BD8F7422BF7A2B7001C8F9E /* AppDelegate.swift */; };
		2BD8F7452BF7A2B7001C8F9E /* SceneDelegate.swift in Sources */ = {isa = PBXBuildFile; fileRef = 2BD8F7442BF7A2B7001C8F9E /* SceneDelegate.swift */; };
		2BD8F7472BF7A2B7001C8F9E /* MapViewController.swift in Sources */ = {isa = PBXBuildFile; fileRef = 2BD8F7462BF7A2B7001C8F9E /* MapViewController.swift */; };
		2BD8F74A2BF7A2B7001C8F9E /* Main.storyboard in Resources */ = {isa = PBXBuildFile; fileRef = 2BD8F7482BF7A2B7001C8F9E /* Main.storyboard */; };
		2BD8F74C2BF7A2B8001C8F9E /* Assets.xcassets in Resources */ = {isa = PBXBuildFile; fileRef = 2BD8F74B2BF7A2B8001C8F9E /* Assets.xcassets */; };
		2BD8F74F2BF7A2B8001C8F9E /* LaunchScreen.storyboard in Resources */ = {isa = PBXBuildFile; fileRef = 2BD8F74D2BF7A2B8001C8F9E /* LaunchScreen.storyboard */; };
		2BD8F75B2BF7BFA8001C8F9E /* Athens.jpeg in Resources */ = {isa = PBXBuildFile; fileRef = 2BD8F75A2BF7BFA8001C8F9E /* Athens.jpeg */; };
		2BD8F75E2BF7C155001C8F9E /* bikeData.json in Sources */ = {isa = PBXBuildFile; fileRef = 2BD8F75D2BF7C155001C8F9E /* bikeData.json */; };
		2BD8F7662BF7D62A001C8F9E /* BikeStationLoader.swift in Sources */ = {isa = PBXBuildFile; fileRef = 2BD8F7652BF7D62A001C8F9E /* BikeStationLoader.swift */; };
		2BD8F7682BF7DD05001C8F9E /* Location.swift in Sources */ = {isa = PBXBuildFile; fileRef = 2BD8F7672BF7DD05001C8F9E /* Location.swift */; };
		2BF7B4922C0D91D700E1C6BE /* LaunchScreenViewController.swift in Sources */ = {isa = PBXBuildFile; fileRef = 2BF7B4912C0D91D700E1C6BE /* LaunchScreenViewController.swift */; };
/* End PBXBuildFile section */

/* Begin PBXFileReference section */
		2B9479A22C1B23E2008B1CB8 /* TabMapViewController.swift */ = {isa = PBXFileReference; lastKnownFileType = sourcecode.swift; path = TabMapViewController.swift; sourceTree = "<group>"; };
		2B9479A42C1B25BA008B1CB8 /* BikeStationAnnotationTapViewViewController.swift */ = {isa = PBXFileReference; lastKnownFileType = sourcecode.swift; path = BikeStationAnnotationTapViewViewController.swift; sourceTree = "<group>"; };
		2B9479A62C1B5E38008B1CB8 /* BikeMeasurementViewController.swift */ = {isa = PBXFileReference; lastKnownFileType = sourcecode.swift; path = BikeMeasurementViewController.swift; sourceTree = "<group>"; };
		2BA04A372C1A0D51008A774E /* PurchaseViewController.swift */ = {isa = PBXFileReference; lastKnownFileType = sourcecode.swift; path = PurchaseViewController.swift; sourceTree = "<group>"; };
		2BA04A392C1A21E5008A774E /* SelectedStationViewController.swift */ = {isa = PBXFileReference; lastKnownFileType = sourcecode.swift; path = SelectedStationViewController.swift; sourceTree = "<group>"; };
		2BA5D85D2C0ECF4C008EC52A /* BikeStationAnnotationViewController.swift */ = {isa = PBXFileReference; lastKnownFileType = sourcecode.swift; path = BikeStationAnnotationViewController.swift; sourceTree = "<group>"; };
		2BA5D85F2C0ECF7B008EC52A /* BikeStationAnnotationViewViewController.swift */ = {isa = PBXFileReference; lastKnownFileType = sourcecode.swift; path = BikeStationAnnotationViewViewController.swift; sourceTree = "<group>"; };
		2BA5D8612C0ED6C8008EC52A /* BikeStationInfoViewController.swift */ = {isa = PBXFileReference; lastKnownFileType = sourcecode.swift; path = BikeStationInfoViewController.swift; sourceTree = "<group>"; };
		2BA7EB182C0BA28D003135EA /* MypageViewController.swift */ = {isa = PBXFileReference; lastKnownFileType = sourcecode.swift; path = MypageViewController.swift; sourceTree = "<group>"; };
		2BA7EB1A2C0BA2D5003135EA /* LoginViewController.swift */ = {isa = PBXFileReference; lastKnownFileType = sourcecode.swift; path = LoginViewController.swift; sourceTree = "<group>"; };
		2BA7EB1C2C0BA6DD003135EA /* GoogleService-Info.plist */ = {isa = PBXFileReference; fileEncoding = 4; lastKnownFileType = text.plist.xml; path = "GoogleService-Info.plist"; sourceTree = "<group>"; };
		2BA7EB302C0BB624003135EA /* SignupViewController.swift */ = {isa = PBXFileReference; lastKnownFileType = sourcecode.swift; path = SignupViewController.swift; sourceTree = "<group>"; };
		2BCF26F72C193CD2006A6DB7 /* CheckUserViewController.swift */ = {isa = PBXFileReference; lastKnownFileType = sourcecode.swift; path = CheckUserViewController.swift; sourceTree = "<group>"; };
		2BD8F73F2BF7A2B7001C8F9E /* iosProgramming-Project-2171217-juwonhee.app */ = {isa = PBXFileReference; explicitFileType = wrapper.application; includeInIndex = 0; path = "iosProgramming-Project-2171217-juwonhee.app"; sourceTree = BUILT_PRODUCTS_DIR; };
		2BD8F7422BF7A2B7001C8F9E /* AppDelegate.swift */ = {isa = PBXFileReference; lastKnownFileType = sourcecode.swift; path = AppDelegate.swift; sourceTree = "<group>"; };
		2BD8F7442BF7A2B7001C8F9E /* SceneDelegate.swift */ = {isa = PBXFileReference; lastKnownFileType = sourcecode.swift; path = SceneDelegate.swift; sourceTree = "<group>"; };
		2BD8F7462BF7A2B7001C8F9E /* MapViewController.swift */ = {isa = PBXFileReference; lastKnownFileType = sourcecode.swift; path = MapViewController.swift; sourceTree = "<group>"; };
		2BD8F7492BF7A2B7001C8F9E /* Base */ = {isa = PBXFileReference; lastKnownFileType = file.storyboard; name = Base; path = Base.lproj/Main.storyboard; sourceTree = "<group>"; };
		2BD8F74B2BF7A2B8001C8F9E /* Assets.xcassets */ = {isa = PBXFileReference; lastKnownFileType = folder.assetcatalog; path = Assets.xcassets; sourceTree = "<group>"; };
		2BD8F74E2BF7A2B8001C8F9E /* Base */ = {isa = PBXFileReference; lastKnownFileType = file.storyboard; name = Base; path = Base.lproj/LaunchScreen.storyboard; sourceTree = "<group>"; };
		2BD8F7502BF7A2B8001C8F9E /* Info.plist */ = {isa = PBXFileReference; lastKnownFileType = text.plist.xml; path = Info.plist; sourceTree = "<group>"; };
		2BD8F75A2BF7BFA8001C8F9E /* Athens.jpeg */ = {isa = PBXFileReference; lastKnownFileType = image.jpeg; path = Athens.jpeg; sourceTree = "<group>"; };
		2BD8F75D2BF7C155001C8F9E /* bikeData.json */ = {isa = PBXFileReference; lastKnownFileType = text.json; path = bikeData.json; sourceTree = "<group>"; };
		2BD8F7652BF7D62A001C8F9E /* BikeStationLoader.swift */ = {isa = PBXFileReference; lastKnownFileType = sourcecode.swift; path = BikeStationLoader.swift; sourceTree = "<group>"; };
		2BD8F7672BF7DD05001C8F9E /* Location.swift */ = {isa = PBXFileReference; lastKnownFileType = sourcecode.swift; path = Location.swift; sourceTree = "<group>"; };
		2BF7B4912C0D91D700E1C6BE /* LaunchScreenViewController.swift */ = {isa = PBXFileReference; lastKnownFileType = sourcecode.swift; path = LaunchScreenViewController.swift; sourceTree = "<group>"; };
/* End PBXFileReference section */

/* Begin PBXFrameworksBuildPhase section */
		2BD8F73C2BF7A2B7001C8F9E /* Frameworks */ = {
			isa = PBXFrameworksBuildPhase;
			buildActionMask = 2147483647;
			files = (
				2BA7EB242C0BA75E003135EA /* FirebaseAnalyticsSwift in Frameworks */,
				2BA7EB202C0BA75E003135EA /* FirebaseAnalytics in Frameworks */,
				2BA7EB222C0BA75E003135EA /* FirebaseAnalyticsOnDeviceConversion in Frameworks */,
				2BA7EB282C0BA75E003135EA /* FirebaseAppCheck in Frameworks */,
				2BA7EB2D2C0BA785003135EA /* FirebaseStorage in Frameworks */,
				2BA7EB262C0BA75E003135EA /* FirebaseAnalyticsWithoutAdIdSupport in Frameworks */,
				2BA7EB2B2C0BA77D003135EA /* FirebaseFirestore in Frameworks */,
				2BA7EB2F2C0BAEA4003135EA /* FirebaseAuth in Frameworks */,
			);
			runOnlyForDeploymentPostprocessing = 0;
		};
/* End PBXFrameworksBuildPhase section */

/* Begin PBXGroup section */
		2BA7EB292C0BA77D003135EA /* Frameworks */ = {
			isa = PBXGroup;
			children = (
			);
			name = Frameworks;
			sourceTree = "<group>";
		};
		2BD8F7362BF7A2B7001C8F9E = {
			isa = PBXGroup;
			children = (
				2BD8F7412BF7A2B7001C8F9E /* iosProgramming-Project-2171217-juwonhee */,
				2BD8F7402BF7A2B7001C8F9E /* Products */,
				2BA7EB292C0BA77D003135EA /* Frameworks */,
			);
			sourceTree = "<group>";
		};
		2BD8F7402BF7A2B7001C8F9E /* Products */ = {
			isa = PBXGroup;
			children = (
				2BD8F73F2BF7A2B7001C8F9E /* iosProgramming-Project-2171217-juwonhee.app */,
			);
			name = Products;
			sourceTree = "<group>";
		};
		2BD8F7412BF7A2B7001C8F9E /* iosProgramming-Project-2171217-juwonhee */ = {
			isa = PBXGroup;
			children = (
				2BD8F7422BF7A2B7001C8F9E /* AppDelegate.swift */,
				2BD8F7442BF7A2B7001C8F9E /* SceneDelegate.swift */,
				2BD8F7462BF7A2B7001C8F9E /* MapViewController.swift */,
				2BD8F7482BF7A2B7001C8F9E /* Main.storyboard */,
				2BD8F74B2BF7A2B8001C8F9E /* Assets.xcassets */,
				2BD8F75A2BF7BFA8001C8F9E /* Athens.jpeg */,
				2BD8F74D2BF7A2B8001C8F9E /* LaunchScreen.storyboard */,
				2BD8F7502BF7A2B8001C8F9E /* Info.plist */,
				2BD8F7652BF7D62A001C8F9E /* BikeStationLoader.swift */,
				2BD8F75D2BF7C155001C8F9E /* bikeData.json */,
				2BD8F7672BF7DD05001C8F9E /* Location.swift */,
				2BA7EB182C0BA28D003135EA /* MypageViewController.swift */,
				2BA7EB1A2C0BA2D5003135EA /* LoginViewController.swift */,
				2BA7EB1C2C0BA6DD003135EA /* GoogleService-Info.plist */,
				2BA7EB302C0BB624003135EA /* SignupViewController.swift */,
				2BF7B4912C0D91D700E1C6BE /* LaunchScreenViewController.swift */,
				2BA5D85D2C0ECF4C008EC52A /* BikeStationAnnotationViewController.swift */,
				2BA5D85F2C0ECF7B008EC52A /* BikeStationAnnotationViewViewController.swift */,
				2BA5D8612C0ED6C8008EC52A /* BikeStationInfoViewController.swift */,
				2BCF26F72C193CD2006A6DB7 /* CheckUserViewController.swift */,
				2BA04A372C1A0D51008A774E /* PurchaseViewController.swift */,
				2BA04A392C1A21E5008A774E /* SelectedStationViewController.swift */,
				2B9479A22C1B23E2008B1CB8 /* TabMapViewController.swift */,
				2B9479A42C1B25BA008B1CB8 /* BikeStationAnnotationTapViewViewController.swift */,
				2B9479A62C1B5E38008B1CB8 /* BikeMeasurementViewController.swift */,
			);
			path = "iosProgramming-Project-2171217-juwonhee";
			sourceTree = "<group>";
		};
/* End PBXGroup section */

/* Begin PBXNativeTarget section */
		2BD8F73E2BF7A2B7001C8F9E /* iosProgramming-Project-2171217-juwonhee */ = {
			isa = PBXNativeTarget;
			buildConfigurationList = 2BD8F7532BF7A2B8001C8F9E /* Build configuration list for PBXNativeTarget "iosProgramming-Project-2171217-juwonhee" */;
			buildPhases = (
				2BD8F73B2BF7A2B7001C8F9E /* Sources */,
				2BD8F73C2BF7A2B7001C8F9E /* Frameworks */,
				2BD8F73D2BF7A2B7001C8F9E /* Resources */,
			);
			buildRules = (
			);
			dependencies = (
			);
			name = "iosProgramming-Project-2171217-juwonhee";
			packageProductDependencies = (
				2BA7EB1F2C0BA75E003135EA /* FirebaseAnalytics */,
				2BA7EB212C0BA75E003135EA /* FirebaseAnalyticsOnDeviceConversion */,
				2BA7EB232C0BA75E003135EA /* FirebaseAnalyticsSwift */,
				2BA7EB252C0BA75E003135EA /* FirebaseAnalyticsWithoutAdIdSupport */,
				2BA7EB272C0BA75E003135EA /* FirebaseAppCheck */,
				2BA7EB2A2C0BA77D003135EA /* FirebaseFirestore */,
				2BA7EB2C2C0BA785003135EA /* FirebaseStorage */,
				2BA7EB2E2C0BAEA4003135EA /* FirebaseAuth */,
			);
			productName = "iosProgramming-Project-2171217-juwonhee";
			productReference = 2BD8F73F2BF7A2B7001C8F9E /* iosProgramming-Project-2171217-juwonhee.app */;
			productType = "com.apple.product-type.application";
		};
/* End PBXNativeTarget section */

/* Begin PBXProject section */
		2BD8F7372BF7A2B7001C8F9E /* Project object */ = {
			isa = PBXProject;
			attributes = {
				BuildIndependentTargetsInParallel = 1;
				LastSwiftUpdateCheck = 1500;
				LastUpgradeCheck = 1500;
				TargetAttributes = {
					2BD8F73E2BF7A2B7001C8F9E = {
						CreatedOnToolsVersion = 15.0.1;
					};
				};
			};
			buildConfigurationList = 2BD8F73A2BF7A2B7001C8F9E /* Build configuration list for PBXProject "iosProgramming-Project-2171217-juwonhee" */;
			compatibilityVersion = "Xcode 14.0";
			developmentRegion = en;
			hasScannedForEncodings = 0;
			knownRegions = (
				en,
				Base,
			);
			mainGroup = 2BD8F7362BF7A2B7001C8F9E;
			packageReferences = (
				2BA7EB1E2C0BA75E003135EA /* XCRemoteSwiftPackageReference "firebase-ios-sdk" */,
			);
			productRefGroup = 2BD8F7402BF7A2B7001C8F9E /* Products */;
			projectDirPath = "";
			projectRoot = "";
			targets = (
				2BD8F73E2BF7A2B7001C8F9E /* iosProgramming-Project-2171217-juwonhee */,
			);
		};
/* End PBXProject section */

/* Begin PBXResourcesBuildPhase section */
		2BD8F73D2BF7A2B7001C8F9E /* Resources */ = {
			isa = PBXResourcesBuildPhase;
			buildActionMask = 2147483647;
			files = (
				2BD8F74F2BF7A2B8001C8F9E /* LaunchScreen.storyboard in Resources */,
				2BD8F74C2BF7A2B8001C8F9E /* Assets.xcassets in Resources */,
				2BA7EB1D2C0BA6DD003135EA /* GoogleService-Info.plist in Resources */,
				2BD8F75B2BF7BFA8001C8F9E /* Athens.jpeg in Resources */,
				2BD8F74A2BF7A2B7001C8F9E /* Main.storyboard in Resources */,
			);
			runOnlyForDeploymentPostprocessing = 0;
		};
/* End PBXResourcesBuildPhase section */

/* Begin PBXSourcesBuildPhase section */
		2BD8F73B2BF7A2B7001C8F9E /* Sources */ = {
			isa = PBXSourcesBuildPhase;
			buildActionMask = 2147483647;
			files = (
				2BA7EB312C0BB624003135EA /* SignupViewController.swift in Sources */,
				2BD8F7472BF7A2B7001C8F9E /* MapViewController.swift in Sources */,
				2BA5D8602C0ECF7B008EC52A /* BikeStationAnnotationViewViewController.swift in Sources */,
				2BD8F7662BF7D62A001C8F9E /* BikeStationLoader.swift in Sources */,
				2BA7EB192C0BA28D003135EA /* MypageViewController.swift in Sources */,
				2BA04A382C1A0D51008A774E /* PurchaseViewController.swift in Sources */,
				2B9479A32C1B23E2008B1CB8 /* TabMapViewController.swift in Sources */,
				2BA5D85E2C0ECF4C008EC52A /* BikeStationAnnotationViewController.swift in Sources */,
				2B9479A72C1B5E38008B1CB8 /* BikeMeasurementViewController.swift in Sources */,
				2BD8F7432BF7A2B7001C8F9E /* AppDelegate.swift in Sources */,
				2BA04A3A2C1A21E5008A774E /* SelectedStationViewController.swift in Sources */,
				2BA7EB1B2C0BA2D5003135EA /* LoginViewController.swift in Sources */,
				2BD8F75E2BF7C155001C8F9E /* bikeData.json in Sources */,
				2BD8F7682BF7DD05001C8F9E /* Location.swift in Sources */,
				2BF7B4922C0D91D700E1C6BE /* LaunchScreenViewController.swift in Sources */,
				2BD8F7452BF7A2B7001C8F9E /* SceneDelegate.swift in Sources */,
				2BA5D8622C0ED6C8008EC52A /* BikeStationInfoViewController.swift in Sources */,
				2B9479A52C1B25BA008B1CB8 /* BikeStationAnnotationTapViewViewController.swift in Sources */,
				2BCF26F82C193CD2006A6DB7 /* CheckUserViewController.swift in Sources */,
			);
			runOnlyForDeploymentPostprocessing = 0;
		};
/* End PBXSourcesBuildPhase section */

/* Begin PBXVariantGroup section */
		2BD8F7482BF7A2B7001C8F9E /* Main.storyboard */ = {
			isa = PBXVariantGroup;
			children = (
				2BD8F7492BF7A2B7001C8F9E /* Base */,
			);
			name = Main.storyboard;
			sourceTree = "<group>";
		};
		2BD8F74D2BF7A2B8001C8F9E /* LaunchScreen.storyboard */ = {
			isa = PBXVariantGroup;
			children = (
				2BD8F74E2BF7A2B8001C8F9E /* Base */,
			);
			name = LaunchScreen.storyboard;
			sourceTree = "<group>";
		};
/* End PBXVariantGroup section */

/* Begin XCBuildConfiguration section */
		2BD8F7512BF7A2B8001C8F9E /* Debug */ = {
			isa = XCBuildConfiguration;
			buildSettings = {
				ALWAYS_SEARCH_USER_PATHS = NO;
				ASSETCATALOG_COMPILER_GENERATE_SWIFT_ASSET_SYMBOL_EXTENSIONS = YES;
				CLANG_ANALYZER_NONNULL = YES;
				CLANG_ANALYZER_NUMBER_OBJECT_CONVERSION = YES_AGGRESSIVE;
				CLANG_CXX_LANGUAGE_STANDARD = "gnu++20";
				CLANG_ENABLE_MODULES = YES;
				CLANG_ENABLE_OBJC_ARC = YES;
				CLANG_ENABLE_OBJC_WEAK = YES;
				CLANG_WARN_BLOCK_CAPTURE_AUTORELEASING = YES;
				CLANG_WARN_BOOL_CONVERSION = YES;
				CLANG_WARN_COMMA = YES;
				CLANG_WARN_CONSTANT_CONVERSION = YES;
				CLANG_WARN_DEPRECATED_OBJC_IMPLEMENTATIONS = YES;
				CLANG_WARN_DIRECT_OBJC_ISA_USAGE = YES_ERROR;
				CLANG_WARN_DOCUMENTATION_COMMENTS = YES;
				CLANG_WARN_EMPTY_BODY = YES;
				CLANG_WARN_ENUM_CONVERSION = YES;
				CLANG_WARN_INFINITE_RECURSION = YES;
				CLANG_WARN_INT_CONVERSION = YES;
				CLANG_WARN_NON_LITERAL_NULL_CONVERSION = YES;
				CLANG_WARN_OBJC_IMPLICIT_RETAIN_SELF = YES;
				CLANG_WARN_OBJC_LITERAL_CONVERSION = YES;
				CLANG_WARN_OBJC_ROOT_CLASS = YES_ERROR;
				CLANG_WARN_QUOTED_INCLUDE_IN_FRAMEWORK_HEADER = YES;
				CLANG_WARN_RANGE_LOOP_ANALYSIS = YES;
				CLANG_WARN_STRICT_PROTOTYPES = YES;
				CLANG_WARN_SUSPICIOUS_MOVE = YES;
				CLANG_WARN_UNGUARDED_AVAILABILITY = YES_AGGRESSIVE;
				CLANG_WARN_UNREACHABLE_CODE = YES;
				CLANG_WARN__DUPLICATE_METHOD_MATCH = YES;
				COPY_PHASE_STRIP = NO;
				DEBUG_INFORMATION_FORMAT = dwarf;
				ENABLE_STRICT_OBJC_MSGSEND = YES;
				ENABLE_TESTABILITY = YES;
				ENABLE_USER_SCRIPT_SANDBOXING = YES;
				GCC_C_LANGUAGE_STANDARD = gnu17;
				GCC_DYNAMIC_NO_PIC = NO;
				GCC_NO_COMMON_BLOCKS = YES;
				GCC_OPTIMIZATION_LEVEL = 0;
				GCC_PREPROCESSOR_DEFINITIONS = (
					"DEBUG=1",
					"$(inherited)",
				);
				GCC_WARN_64_TO_32_BIT_CONVERSION = YES;
				GCC_WARN_ABOUT_RETURN_TYPE = YES_ERROR;
				GCC_WARN_UNDECLARED_SELECTOR = YES;
				GCC_WARN_UNINITIALIZED_AUTOS = YES_AGGRESSIVE;
				GCC_WARN_UNUSED_FUNCTION = YES;
				GCC_WARN_UNUSED_VARIABLE = YES;
				IPHONEOS_DEPLOYMENT_TARGET = 17.0;
				LOCALIZATION_PREFERS_STRING_CATALOGS = YES;
				MTL_ENABLE_DEBUG_INFO = INCLUDE_SOURCE;
				MTL_FAST_MATH = YES;
				ONLY_ACTIVE_ARCH = YES;
				SDKROOT = iphoneos;
				SWIFT_ACTIVE_COMPILATION_CONDITIONS = "DEBUG $(inherited)";
				SWIFT_OPTIMIZATION_LEVEL = "-Onone";
			};
			name = Debug;
		};
		2BD8F7522BF7A2B8001C8F9E /* Release */ = {
			isa = XCBuildConfiguration;
			buildSettings = {
				ALWAYS_SEARCH_USER_PATHS = NO;
				ASSETCATALOG_COMPILER_GENERATE_SWIFT_ASSET_SYMBOL_EXTENSIONS = YES;
				CLANG_ANALYZER_NONNULL = YES;
				CLANG_ANALYZER_NUMBER_OBJECT_CONVERSION = YES_AGGRESSIVE;
				CLANG_CXX_LANGUAGE_STANDARD = "gnu++20";
				CLANG_ENABLE_MODULES = YES;
				CLANG_ENABLE_OBJC_ARC = YES;
				CLANG_ENABLE_OBJC_WEAK = YES;
				CLANG_WARN_BLOCK_CAPTURE_AUTORELEASING = YES;
				CLANG_WARN_BOOL_CONVERSION = YES;
				CLANG_WARN_COMMA = YES;
				CLANG_WARN_CONSTANT_CONVERSION = YES;
				CLANG_WARN_DEPRECATED_OBJC_IMPLEMENTATIONS = YES;
				CLANG_WARN_DIRECT_OBJC_ISA_USAGE = YES_ERROR;
				CLANG_WARN_DOCUMENTATION_COMMENTS = YES;
				CLANG_WARN_EMPTY_BODY = YES;
				CLANG_WARN_ENUM_CONVERSION = YES;
				CLANG_WARN_INFINITE_RECURSION = YES;
				CLANG_WARN_INT_CONVERSION = YES;
				CLANG_WARN_NON_LITERAL_NULL_CONVERSION = YES;
				CLANG_WARN_OBJC_IMPLICIT_RETAIN_SELF = YES;
				CLANG_WARN_OBJC_LITERAL_CONVERSION = YES;
				CLANG_WARN_OBJC_ROOT_CLASS = YES_ERROR;
				CLANG_WARN_QUOTED_INCLUDE_IN_FRAMEWORK_HEADER = YES;
				CLANG_WARN_RANGE_LOOP_ANALYSIS = YES;
				CLANG_WARN_STRICT_PROTOTYPES = YES;
				CLANG_WARN_SUSPICIOUS_MOVE = YES;
				CLANG_WARN_UNGUARDED_AVAILABILITY = YES_AGGRESSIVE;
				CLANG_WARN_UNREACHABLE_CODE = YES;
				CLANG_WARN__DUPLICATE_METHOD_MATCH = YES;
				COPY_PHASE_STRIP = NO;
				DEBUG_INFORMATION_FORMAT = "dwarf-with-dsym";
				ENABLE_NS_ASSERTIONS = NO;
				ENABLE_STRICT_OBJC_MSGSEND = YES;
				ENABLE_USER_SCRIPT_SANDBOXING = YES;
				GCC_C_LANGUAGE_STANDARD = gnu17;
				GCC_NO_COMMON_BLOCKS = YES;
				GCC_WARN_64_TO_32_BIT_CONVERSION = YES;
				GCC_WARN_ABOUT_RETURN_TYPE = YES_ERROR;
				GCC_WARN_UNDECLARED_SELECTOR = YES;
				GCC_WARN_UNINITIALIZED_AUTOS = YES_AGGRESSIVE;
				GCC_WARN_UNUSED_FUNCTION = YES;
				GCC_WARN_UNUSED_VARIABLE = YES;
				IPHONEOS_DEPLOYMENT_TARGET = 17.0;
				LOCALIZATION_PREFERS_STRING_CATALOGS = YES;
				MTL_ENABLE_DEBUG_INFO = NO;
				MTL_FAST_MATH = YES;
				SDKROOT = iphoneos;
				SWIFT_COMPILATION_MODE = wholemodule;
				VALIDATE_PRODUCT = YES;
			};
			name = Release;
		};
		2BD8F7542BF7A2B8001C8F9E /* Debug */ = {
			isa = XCBuildConfiguration;
			buildSettings = {
				ASSETCATALOG_COMPILER_APPICON_NAME = AppIcon;
				ASSETCATALOG_COMPILER_GLOBAL_ACCENT_COLOR_NAME = AccentColor;
				CODE_SIGN_STYLE = Automatic;
				CURRENT_PROJECT_VERSION = 1;
				GENERATE_INFOPLIST_FILE = YES;
				INFOPLIST_FILE = "iosProgramming-Project-2171217-juwonhee/Info.plist";
				INFOPLIST_KEY_UIApplicationSupportsIndirectInputEvents = YES;
				INFOPLIST_KEY_UILaunchStoryboardName = LaunchScreen;
				INFOPLIST_KEY_UIMainStoryboardFile = Main;
				INFOPLIST_KEY_UISupportedInterfaceOrientations_iPad = "UIInterfaceOrientationPortrait UIInterfaceOrientationPortraitUpsideDown UIInterfaceOrientationLandscapeLeft UIInterfaceOrientationLandscapeRight";
				INFOPLIST_KEY_UISupportedInterfaceOrientations_iPhone = "UIInterfaceOrientationPortrait UIInterfaceOrientationLandscapeLeft UIInterfaceOrientationLandscapeRight";
				LD_RUNPATH_SEARCH_PATHS = (
					"$(inherited)",
					"@executable_path/Frameworks",
				);
				MARKETING_VERSION = 1.0;
				PRODUCT_BUNDLE_IDENTIFIER = "juwonhee.hansung.ac.kr.iosProgramming-Project-2171217-juwonhee";
				PRODUCT_NAME = "$(TARGET_NAME)";
				SWIFT_EMIT_LOC_STRINGS = YES;
				SWIFT_VERSION = 5.0;
				TARGETED_DEVICE_FAMILY = "1,2";
			};
			name = Debug;
		};
		2BD8F7552BF7A2B8001C8F9E /* Release */ = {
			isa = XCBuildConfiguration;
			buildSettings = {
				ASSETCATALOG_COMPILER_APPICON_NAME = AppIcon;
				ASSETCATALOG_COMPILER_GLOBAL_ACCENT_COLOR_NAME = AccentColor;
				CODE_SIGN_STYLE = Automatic;
				CURRENT_PROJECT_VERSION = 1;
				GENERATE_INFOPLIST_FILE = YES;
				INFOPLIST_FILE = "iosProgramming-Project-2171217-juwonhee/Info.plist";
				INFOPLIST_KEY_UIApplicationSupportsIndirectInputEvents = YES;
				INFOPLIST_KEY_UILaunchStoryboardName = LaunchScreen;
				INFOPLIST_KEY_UIMainStoryboardFile = Main;
				INFOPLIST_KEY_UISupportedInterfaceOrientations_iPad = "UIInterfaceOrientationPortrait UIInterfaceOrientationPortraitUpsideDown UIInterfaceOrientationLandscapeLeft UIInterfaceOrientationLandscapeRight";
				INFOPLIST_KEY_UISupportedInterfaceOrientations_iPhone = "UIInterfaceOrientationPortrait UIInterfaceOrientationLandscapeLeft UIInterfaceOrientationLandscapeRight";
				LD_RUNPATH_SEARCH_PATHS = (
					"$(inherited)",
					"@executable_path/Frameworks",
				);
				MARKETING_VERSION = 1.0;
				PRODUCT_BUNDLE_IDENTIFIER = "juwonhee.hansung.ac.kr.iosProgramming-Project-2171217-juwonhee";
				PRODUCT_NAME = "$(TARGET_NAME)";
				SWIFT_EMIT_LOC_STRINGS = YES;
				SWIFT_VERSION = 5.0;
				TARGETED_DEVICE_FAMILY = "1,2";
			};
			name = Release;
		};
/* End XCBuildConfiguration section */

/* Begin XCConfigurationList section */
		2BD8F73A2BF7A2B7001C8F9E /* Build configuration list for PBXProject "iosProgramming-Project-2171217-juwonhee" */ = {
			isa = XCConfigurationList;
			buildConfigurations = (
				2BD8F7512BF7A2B8001C8F9E /* Debug */,
				2BD8F7522BF7A2B8001C8F9E /* Release */,
			);
			defaultConfigurationIsVisible = 0;
			defaultConfigurationName = Release;
		};
		2BD8F7532BF7A2B8001C8F9E /* Build configuration list for PBXNativeTarget "iosProgramming-Project-2171217-juwonhee" */ = {
			isa = XCConfigurationList;
			buildConfigurations = (
				2BD8F7542BF7A2B8001C8F9E /* Debug */,
				2BD8F7552BF7A2B8001C8F9E /* Release */,
			);
			defaultConfigurationIsVisible = 0;
			defaultConfigurationName = Release;
		};
/* End XCConfigurationList section */

/* Begin XCRemoteSwiftPackageReference section */
		2BA7EB1E2C0BA75E003135EA /* XCRemoteSwiftPackageReference "firebase-ios-sdk" */ = {
			isa = XCRemoteSwiftPackageReference;
			repositoryURL = "https://github.com/firebase/firebase-ios-sdk";
			requirement = {
				kind = upToNextMajorVersion;
				minimumVersion = 10.27.0;
			};
		};
/* End XCRemoteSwiftPackageReference section */

/* Begin XCSwiftPackageProductDependency section */
		2BA7EB1F2C0BA75E003135EA /* FirebaseAnalytics */ = {
			isa = XCSwiftPackageProductDependency;
			package = 2BA7EB1E2C0BA75E003135EA /* XCRemoteSwiftPackageReference "firebase-ios-sdk" */;
			productName = FirebaseAnalytics;
		};
		2BA7EB212C0BA75E003135EA /* FirebaseAnalyticsOnDeviceConversion */ = {
			isa = XCSwiftPackageProductDependency;
			package = 2BA7EB1E2C0BA75E003135EA /* XCRemoteSwiftPackageReference "firebase-ios-sdk" */;
			productName = FirebaseAnalyticsOnDeviceConversion;
		};
		2BA7EB232C0BA75E003135EA /* FirebaseAnalyticsSwift */ = {
			isa = XCSwiftPackageProductDependency;
			package = 2BA7EB1E2C0BA75E003135EA /* XCRemoteSwiftPackageReference "firebase-ios-sdk" */;
			productName = FirebaseAnalyticsSwift;
		};
		2BA7EB252C0BA75E003135EA /* FirebaseAnalyticsWithoutAdIdSupport */ = {
			isa = XCSwiftPackageProductDependency;
			package = 2BA7EB1E2C0BA75E003135EA /* XCRemoteSwiftPackageReference "firebase-ios-sdk" */;
			productName = FirebaseAnalyticsWithoutAdIdSupport;
		};
		2BA7EB272C0BA75E003135EA /* FirebaseAppCheck */ = {
			isa = XCSwiftPackageProductDependency;
			package = 2BA7EB1E2C0BA75E003135EA /* XCRemoteSwiftPackageReference "firebase-ios-sdk" */;
			productName = FirebaseAppCheck;
		};
		2BA7EB2A2C0BA77D003135EA /* FirebaseFirestore */ = {
			isa = XCSwiftPackageProductDependency;
			package = 2BA7EB1E2C0BA75E003135EA /* XCRemoteSwiftPackageReference "firebase-ios-sdk" */;
			productName = FirebaseFirestore;
		};
		2BA7EB2C2C0BA785003135EA /* FirebaseStorage */ = {
			isa = XCSwiftPackageProductDependency;
			package = 2BA7EB1E2C0BA75E003135EA /* XCRemoteSwiftPackageReference "firebase-ios-sdk" */;
			productName = FirebaseStorage;
		};
		2BA7EB2E2C0BAEA4003135EA /* FirebaseAuth */ = {
			isa = XCSwiftPackageProductDependency;
			package = 2BA7EB1E2C0BA75E003135EA /* XCRemoteSwiftPackageReference "firebase-ios-sdk" */;
			productName = FirebaseAuth;
		};
/* End XCSwiftPackageProductDependency section */
	};
	rootObject = 2BD8F7372BF7A2B7001C8F9E /* Project object */;
}
