// !$*UTF8*$!
{
	archiveVersion = 1;
	classes = {
	};
	objectVersion = 56;
	objects = {

/* Begin PBXBuildFile section */
		2BD8F7432BF7A2B7001C8F9E /* AppDelegate.swift in Sources */ = {isa = PBXBuildFile; fileRef = 2BD8F7422BF7A2B7001C8F9E /* AppDelegate.swift */; };
		2BD8F7452BF7A2B7001C8F9E /* SceneDelegate.swift in Sources */ = {isa = PBXBuildFile; fileRef = 2BD8F7442BF7A2B7001C8F9E /* SceneDelegate.swift */; };
		2BD8F7472BF7A2B7001C8F9E /* ViewController.swift in Sources */ = {isa = PBXBuildFile; fileRef = 2BD8F7462BF7A2B7001C8F9E /* ViewController.swift */; };
		2BD8F74A2BF7A2B7001C8F9E /* Main.storyboard in Resources */ = {isa = PBXBuildFile; fileRef = 2BD8F7482BF7A2B7001C8F9E /* Main.storyboard */; };
		2BD8F74C2BF7A2B8001C8F9E /* Assets.xcassets in Resources */ = {isa = PBXBuildFile; fileRef = 2BD8F74B2BF7A2B8001C8F9E /* Assets.xcassets */; };
		2BD8F74F2BF7A2B8001C8F9E /* LaunchScreen.storyboard in Resources */ = {isa = PBXBuildFile; fileRef = 2BD8F74D2BF7A2B8001C8F9E /* LaunchScreen.storyboard */; };
/* End PBXBuildFile section */

/* Begin PBXFileReference section */
		2BD8F73F2BF7A2B7001C8F9E /* iosProgramming-Project-2171217-juwonhee.app */ = {isa = PBXFileReference; explicitFileType = wrapper.application; includeInIndex = 0; path = "iosProgramming-Project-2171217-juwonhee.app"; sourceTree = BUILT_PRODUCTS_DIR; };
		2BD8F7422BF7A2B7001C8F9E /* AppDelegate.swift */ = {isa = PBXFileReference; lastKnownFileType = sourcecode.swift; path = AppDelegate.swift; sourceTree = "<group>"; };
		2BD8F7442BF7A2B7001C8F9E /* SceneDelegate.swift */ = {isa = PBXFileReference; lastKnownFileType = sourcecode.swift; path = SceneDelegate.swift; sourceTree = "<group>"; };
		2BD8F7462BF7A2B7001C8F9E /* ViewController.swift */ = {isa = PBXFileReference; lastKnownFileType = sourcecode.swift; path = ViewController.swift; sourceTree = "<group>"; };
		2BD8F7492BF7A2B7001C8F9E /* Base */ = {isa = PBXFileReference; lastKnownFileType = file.storyboard; name = Base; path = Base.lproj/Main.storyboard; sourceTree = "<group>"; };
		2BD8F74B2BF7A2B8001C8F9E /* Assets.xcassets */ = {isa = PBXFileReference; lastKnownFileType = folder.assetcatalog; path = Assets.xcassets; sourceTree = "<group>"; };
		2BD8F74E2BF7A2B8001C8F9E /* Base */ = {isa = PBXFileReference; lastKnownFileType = file.storyboard; name = Base; path = Base.lproj/LaunchScreen.storyboard; sourceTree = "<group>"; };
		2BD8F7502BF7A2B8001C8F9E /* Info.plist */ = {isa = PBXFileReference; lastKnownFileType = text.plist.xml; path = Info.plist; sourceTree = "<group>"; };
/* End PBXFileReference section */

/* Begin PBXFrameworksBuildPhase section */
		2BD8F73C2BF7A2B7001C8F9E /* Frameworks */ = {
			isa = PBXFrameworksBuildPhase;
			buildActionMask = 2147483647;
			files = (
			);
			runOnlyForDeploymentPostprocessing = 0;
		};
/* End PBXFrameworksBuildPhase section */

/* Begin PBXGroup section */
		2BD8F7362BF7A2B7001C8F9E = {
			isa = PBXGroup;
			children = (
				2BD8F7412BF7A2B7001C8F9E /* iosProgramming-Project-2171217-juwonhee */,
				2BD8F7402BF7A2B7001C8F9E /* Products */,
			);
			sourceTree = "<group>";
		};
		2BD8F7402BF7A2B7001C8F9E /* Products */ = {
			isa = PBXGroup;
			children = (
				2BD8F73F2BF7A2B7001C8F9E /* iosProgramming-Project-2171217-juwonhee.app */,
			);
			name = Products;
			sourceTree = "<group>";
		};
		2BD8F7412BF7A2B7001C8F9E /* iosProgramming-Project-2171217-juwonhee */ = {
			isa = PBXGroup;
			children = (
				2BD8F7422BF7A2B7001C8F9E /* AppDelegate.swift */,
				2BD8F7442BF7A2B7001C8F9E /* SceneDelegate.swift */,
				2BD8F7462BF7A2B7001C8F9E /* ViewController.swift */,
				2BD8F7482BF7A2B7001C8F9E /* Main.storyboard */,
				2BD8F74B2BF7A2B8001C8F9E /* Assets.xcassets */,
				2BD8F74D2BF7A2B8001C8F9E /* LaunchScreen.storyboard */,
				2BD8F7502BF7A2B8001C8F9E /* Info.plist */,
			);
			path = "iosProgramming-Project-2171217-juwonhee";
			sourceTree = "<group>";
		};
/* End PBXGroup section */

/* Begin PBXNativeTarget section */
		2BD8F73E2BF7A2B7001C8F9E /* iosProgramming-Project-2171217-juwonhee */ = {
			isa = PBXNativeTarget;
			buildConfigurationList = 2BD8F7532BF7A2B8001C8F9E /* Build configuration list for PBXNativeTarget "iosProgramming-Project-2171217-juwonhee" */;
			buildPhases = (
				2BD8F73B2BF7A2B7001C8F9E /* Sources */,
				2BD8F73C2BF7A2B7001C8F9E /* Frameworks */,
				2BD8F73D2BF7A2B7001C8F9E /* Resources */,
			);
			buildRules = (
			);
			dependencies = (
			);
			name = "iosProgramming-Project-2171217-juwonhee";
			productName = "iosProgramming-Project-2171217-juwonhee";
			productReference = 2BD8F73F2BF7A2B7001C8F9E /* iosProgramming-Project-2171217-juwonhee.app */;
			productType = "com.apple.product-type.application";
		};
/* End PBXNativeTarget section */

/* Begin PBXProject section */
		2BD8F7372BF7A2B7001C8F9E /* Project object */ = {
			isa = PBXProject;
			attributes = {
				BuildIndependentTargetsInParallel = 1;
				LastSwiftUpdateCheck = 1500;
				LastUpgradeCheck = 1500;
				TargetAttributes = {
					2BD8F73E2BF7A2B7001C8F9E = {
						CreatedOnToolsVersion = 15.0.1;
					};
				};
			};
			buildConfigurationList = 2BD8F73A2BF7A2B7001C8F9E /* Build configuration list for PBXProject "iosProgramming-Project-2171217-juwonhee" */;
			compatibilityVersion = "Xcode 14.0";
			developmentRegion = en;
			hasScannedForEncodings = 0;
			knownRegions = (
				en,
				Base,
			);
			mainGroup = 2BD8F7362BF7A2B7001C8F9E;
			productRefGroup = 2BD8F7402BF7A2B7001C8F9E /* Products */;
			projectDirPath = "";
			projectRoot = "";
			targets = (
				2BD8F73E2BF7A2B7001C8F9E /* iosProgramming-Project-2171217-juwonhee */,
			);
		};
/* End PBXProject section */

/* Begin PBXResourcesBuildPhase section */
		2BD8F73D2BF7A2B7001C8F9E /* Resources */ = {
			isa = PBXResourcesBuildPhase;
			buildActionMask = 2147483647;
			files = (
				2BD8F74F2BF7A2B8001C8F9E /* LaunchScreen.storyboard in Resources */,
				2BD8F74C2BF7A2B8001C8F9E /* Assets.xcassets in Resources */,
				2BD8F74A2BF7A2B7001C8F9E /* Main.storyboard in Resources */,
			);
			runOnlyForDeploymentPostprocessing = 0;
		};
/* End PBXResourcesBuildPhase section */

/* Begin PBXSourcesBuildPhase section */
		2BD8F73B2BF7A2B7001C8F9E /* Sources */ = {
			isa = PBXSourcesBuildPhase;
			buildActionMask = 2147483647;
			files = (
				2BD8F7472BF7A2B7001C8F9E /* ViewController.swift in Sources */,
				2BD8F7432BF7A2B7001C8F9E /* AppDelegate.swift in Sources */,
				2BD8F7452BF7A2B7001C8F9E /* SceneDelegate.swift in Sources */,
			);
			runOnlyForDeploymentPostprocessing = 0;
		};
/* End PBXSourcesBuildPhase section */

/* Begin PBXVariantGroup section */
		2BD8F7482BF7A2B7001C8F9E /* Main.storyboard */ = {
			isa = PBXVariantGroup;
			children = (
				2BD8F7492BF7A2B7001C8F9E /* Base */,
			);
			name = Main.storyboard;
			sourceTree = "<group>";
		};
		2BD8F74D2BF7A2B8001C8F9E /* LaunchScreen.storyboard */ = {
			isa = PBXVariantGroup;
			children = (
				2BD8F74E2BF7A2B8001C8F9E /* Base */,
			);
			name = LaunchScreen.storyboard;
			sourceTree = "<group>";
		};
/* End PBXVariantGroup section */

/* Begin XCBuildConfiguration section */
		2BD8F7512BF7A2B8001C8F9E /* Debug */ = {
			isa = XCBuildConfiguration;
			buildSettings = {
				ALWAYS_SEARCH_USER_PATHS = NO;
				ASSETCATALOG_COMPILER_GENERATE_SWIFT_ASSET_SYMBOL_EXTENSIONS = YES;
				CLANG_ANALYZER_NONNULL = YES;
				CLANG_ANALYZER_NUMBER_OBJECT_CONVERSION = YES_AGGRESSIVE;
				CLANG_CXX_LANGUAGE_STANDARD = "gnu++20";
				CLANG_ENABLE_MODULES = YES;
				CLANG_ENABLE_OBJC_ARC = YES;
				CLANG_ENABLE_OBJC_WEAK = YES;
				CLANG_WARN_BLOCK_CAPTURE_AUTORELEASING = YES;
				CLANG_WARN_BOOL_CONVERSION = YES;
				CLANG_WARN_COMMA = YES;
				CLANG_WARN_CONSTANT_CONVERSION = YES;
				CLANG_WARN_DEPRECATED_OBJC_IMPLEMENTATIONS = YES;
				CLANG_WARN_DIRECT_OBJC_ISA_USAGE = YES_ERROR;
				CLANG_WARN_DOCUMENTATION_COMMENTS = YES;
				CLANG_WARN_EMPTY_BODY = YES;
				CLANG_WARN_ENUM_CONVERSION = YES;
				CLANG_WARN_INFINITE_RECURSION = YES;
				CLANG_WARN_INT_CONVERSION = YES;
				CLANG_WARN_NON_LITERAL_NULL_CONVERSION = YES;
				CLANG_WARN_OBJC_IMPLICIT_RETAIN_SELF = YES;
				CLANG_WARN_OBJC_LITERAL_CONVERSION = YES;
				CLANG_WARN_OBJC_ROOT_CLASS = YES_ERROR;
				CLANG_WARN_QUOTED_INCLUDE_IN_FRAMEWORK_HEADER = YES;
				CLANG_WARN_RANGE_LOOP_ANALYSIS = YES;
				CLANG_WARN_STRICT_PROTOTYPES = YES;
				CLANG_WARN_SUSPICIOUS_MOVE = YES;
				CLANG_WARN_UNGUARDED_AVAILABILITY = YES_AGGRESSIVE;
				CLANG_WARN_UNREACHABLE_CODE = YES;
				CLANG_WARN__DUPLICATE_METHOD_MATCH = YES;
				COPY_PHASE_STRIP = NO;
				DEBUG_INFORMATION_FORMAT = dwarf;
				ENABLE_STRICT_OBJC_MSGSEND = YES;
				ENABLE_TESTABILITY = YES;
				ENABLE_USER_SCRIPT_SANDBOXING = YES;
				GCC_C_LANGUAGE_STANDARD = gnu17;
				GCC_DYNAMIC_NO_PIC = NO;
				GCC_NO_COMMON_BLOCKS = YES;
				GCC_OPTIMIZATION_LEVEL = 0;
				GCC_PREPROCESSOR_DEFINITIONS = (
					"DEBUG=1",
					"$(inherited)",
				);
				GCC_WARN_64_TO_32_BIT_CONVERSION = YES;
				GCC_WARN_ABOUT_RETURN_TYPE = YES_ERROR;
				GCC_WARN_UNDECLARED_SELECTOR = YES;
				GCC_WARN_UNINITIALIZED_AUTOS = YES_AGGRESSIVE;
				GCC_WARN_UNUSED_FUNCTION = YES;
				GCC_WARN_UNUSED_VARIABLE = YES;
				IPHONEOS_DEPLOYMENT_TARGET = 17.0;
				LOCALIZATION_PREFERS_STRING_CATALOGS = YES;
				MTL_ENABLE_DEBUG_INFO = INCLUDE_SOURCE;
				MTL_FAST_MATH = YES;
				ONLY_ACTIVE_ARCH = YES;
				SDKROOT = iphoneos;
				SWIFT_ACTIVE_COMPILATION_CONDITIONS = "DEBUG $(inherited)";
				SWIFT_OPTIMIZATION_LEVEL = "-Onone";
			};
			name = Debug;
		};
		2BD8F7522BF7A2B8001C8F9E /* Release */ = {
			isa = XCBuildConfiguration;
			buildSettings = {
				ALWAYS_SEARCH_USER_PATHS = NO;
				ASSETCATALOG_COMPILER_GENERATE_SWIFT_ASSET_SYMBOL_EXTENSIONS = YES;
				CLANG_ANALYZER_NONNULL = YES;
				CLANG_ANALYZER_NUMBER_OBJECT_CONVERSION = YES_AGGRESSIVE;
				CLANG_CXX_LANGUAGE_STANDARD = "gnu++20";
				CLANG_ENABLE_MODULES = YES;
				CLANG_ENABLE_OBJC_ARC = YES;
				CLANG_ENABLE_OBJC_WEAK = YES;
				CLANG_WARN_BLOCK_CAPTURE_AUTORELEASING = YES;
				CLANG_WARN_BOOL_CONVERSION = YES;
				CLANG_WARN_COMMA = YES;
				CLANG_WARN_CONSTANT_CONVERSION = YES;
				CLANG_WARN_DEPRECATED_OBJC_IMPLEMENTATIONS = YES;
				CLANG_WARN_DIRECT_OBJC_ISA_USAGE = YES_ERROR;
				CLANG_WARN_DOCUMENTATION_COMMENTS = YES;
				CLANG_WARN_EMPTY_BODY = YES;
				CLANG_WARN_ENUM_CONVERSION = YES;
				CLANG_WARN_INFINITE_RECURSION = YES;
				CLANG_WARN_INT_CONVERSION = YES;
				CLANG_WARN_NON_LITERAL_NULL_CONVERSION = YES;
				CLANG_WARN_OBJC_IMPLICIT_RETAIN_SELF = YES;
				CLANG_WARN_OBJC_LITERAL_CONVERSION = YES;
				CLANG_WARN_OBJC_ROOT_CLASS = YES_ERROR;
				CLANG_WARN_QUOTED_INCLUDE_IN_FRAMEWORK_HEADER = YES;
				CLANG_WARN_RANGE_LOOP_ANALYSIS = YES;
				CLANG_WARN_STRICT_PROTOTYPES = YES;
				CLANG_WARN_SUSPICIOUS_MOVE = YES;
				CLANG_WARN_UNGUARDED_AVAILABILITY = YES_AGGRESSIVE;
				CLANG_WARN_UNREACHABLE_CODE = YES;
				CLANG_WARN__DUPLICATE_METHOD_MATCH = YES;
				COPY_PHASE_STRIP = NO;
				DEBUG_INFORMATION_FORMAT = "dwarf-with-dsym";
				ENABLE_NS_ASSERTIONS = NO;
				ENABLE_STRICT_OBJC_MSGSEND = YES;
				ENABLE_USER_SCRIPT_SANDBOXING = YES;
				GCC_C_LANGUAGE_STANDARD = gnu17;
				GCC_NO_COMMON_BLOCKS = YES;
				GCC_WARN_64_TO_32_BIT_CONVERSION = YES;
				GCC_WARN_ABOUT_RETURN_TYPE = YES_ERROR;
				GCC_WARN_UNDECLARED_SELECTOR = YES;
				GCC_WARN_UNINITIALIZED_AUTOS = YES_AGGRESSIVE;
				GCC_WARN_UNUSED_FUNCTION = YES;
				GCC_WARN_UNUSED_VARIABLE = YES;
				IPHONEOS_DEPLOYMENT_TARGET = 17.0;
				LOCALIZATION_PREFERS_STRING_CATALOGS = YES;
				MTL_ENABLE_DEBUG_INFO = NO;
				MTL_FAST_MATH = YES;
				SDKROOT = iphoneos;
				SWIFT_COMPILATION_MODE = wholemodule;
				VALIDATE_PRODUCT = YES;
			};
			name = Release;
		};
		2BD8F7542BF7A2B8001C8F9E /* Debug */ = {
			isa = XCBuildConfiguration;
			buildSettings = {
				ASSETCATALOG_COMPILER_APPICON_NAME = AppIcon;
				ASSETCATALOG_COMPILER_GLOBAL_ACCENT_COLOR_NAME = AccentColor;
				CODE_SIGN_STYLE = Automatic;
				CURRENT_PROJECT_VERSION = 1;
				GENERATE_INFOPLIST_FILE = YES;
				INFOPLIST_FILE = "iosProgramming-Project-2171217-juwonhee/Info.plist";
				INFOPLIST_KEY_UIApplicationSupportsIndirectInputEvents = YES;
				INFOPLIST_KEY_UILaunchStoryboardName = LaunchScreen;
				INFOPLIST_KEY_UIMainStoryboardFile = Main;
				INFOPLIST_KEY_UISupportedInterfaceOrientations_iPad = "UIInterfaceOrientationPortrait UIInterfaceOrientationPortraitUpsideDown UIInterfaceOrientationLandscapeLeft UIInterfaceOrientationLandscapeRight";
				INFOPLIST_KEY_UISupportedInterfaceOrientations_iPhone = "UIInterfaceOrientationPortrait UIInterfaceOrientationLandscapeLeft UIInterfaceOrientationLandscapeRight";
				LD_RUNPATH_SEARCH_PATHS = (
					"$(inherited)",
					"@executable_path/Frameworks",
				);
				MARKETING_VERSION = 1.0;
				PRODUCT_BUNDLE_IDENTIFIER = "juwonhee.hansung.ac.kr.iosProgramming-Project-2171217-juwonhee";
				PRODUCT_NAME = "$(TARGET_NAME)";
				SWIFT_EMIT_LOC_STRINGS = YES;
				SWIFT_VERSION = 5.0;
				TARGETED_DEVICE_FAMILY = "1,2";
			};
			name = Debug;
		};
		2BD8F7552BF7A2B8001C8F9E /* Release */ = {
			isa = XCBuildConfiguration;
			buildSettings = {
				ASSETCATALOG_COMPILER_APPICON_NAME = AppIcon;
				ASSETCATALOG_COMPILER_GLOBAL_ACCENT_COLOR_NAME = AccentColor;
				CODE_SIGN_STYLE = Automatic;
				CURRENT_PROJECT_VERSION = 1;
				GENERATE_INFOPLIST_FILE = YES;
				INFOPLIST_FILE = "iosProgramming-Project-2171217-juwonhee/Info.plist";
				INFOPLIST_KEY_UIApplicationSupportsIndirectInputEvents = YES;
				INFOPLIST_KEY_UILaunchStoryboardName = LaunchScreen;
				INFOPLIST_KEY_UIMainStoryboardFile = Main;
				INFOPLIST_KEY_UISupportedInterfaceOrientations_iPad = "UIInterfaceOrientationPortrait UIInterfaceOrientationPortraitUpsideDown UIInterfaceOrientationLandscapeLeft UIInterfaceOrientationLandscapeRight";
				INFOPLIST_KEY_UISupportedInterfaceOrientations_iPhone = "UIInterfaceOrientationPortrait UIInterfaceOrientationLandscapeLeft UIInterfaceOrientationLandscapeRight";
				LD_RUNPATH_SEARCH_PATHS = (
					"$(inherited)",
					"@executable_path/Frameworks",
				);
				MARKETING_VERSION = 1.0;
				PRODUCT_BUNDLE_IDENTIFIER = "juwonhee.hansung.ac.kr.iosProgramming-Project-2171217-juwonhee";
				PRODUCT_NAME = "$(TARGET_NAME)";
				SWIFT_EMIT_LOC_STRINGS = YES;
				SWIFT_VERSION = 5.0;
				TARGETED_DEVICE_FAMILY = "1,2";
			};
			name = Release;
		};
/* End XCBuildConfiguration section */

/* Begin XCConfigurationList section */
		2BD8F73A2BF7A2B7001C8F9E /* Build configuration list for PBXProject "iosProgramming-Project-2171217-juwonhee" */ = {
			isa = XCConfigurationList;
			buildConfigurations = (
				2BD8F7512BF7A2B8001C8F9E /* Debug */,
				2BD8F7522BF7A2B8001C8F9E /* Release */,
			);
			defaultConfigurationIsVisible = 0;
			defaultConfigurationName = Release;
		};
		2BD8F7532BF7A2B8001C8F9E /* Build configuration list for PBXNativeTarget "iosProgramming-Project-2171217-juwonhee" */ = {
			isa = XCConfigurationList;
			buildConfigurations = (
				2BD8F7542BF7A2B8001C8F9E /* Debug */,
				2BD8F7552BF7A2B8001C8F9E /* Release */,
			);
			defaultConfigurationIsVisible = 0;
			defaultConfigurationName = Release;
		};
/* End XCConfigurationList section */
	};
	rootObject = 2BD8F7372BF7A2B7001C8F9E /* Project object */;
}
